
Microsoft Visual Studio Solution File, Format Version 12.00
# Visual Studio Version 17
VisualStudioVersion = 17.7.34031.279
MinimumVisualStudioVersion = 10.0.40219.1
Project("{FAE04EC0-301F-11D3-BF4B-00C04F79EFBC}") = "PubControl.Android", "PubControl\PubControl.Android\PubControl.Android.csproj", "{F11EFA46-A667-4E47-AE72-1B6271C58081}"
EndProject
Project("{FAE04EC0-301F-11D3-BF4B-00C04F79EFBC}") = "PubControl.iOS", "PubControl\PubControl.iOS\PubControl.iOS.csproj", "{AF0960B2-CA27-40E7-B0A0-E01D5EC95E91}"
EndProject
Project("{FAE04EC0-301F-11D3-BF4B-00C04F79EFBC}") = "PubControl", "PubControl\PubControl\PubControl.csproj", "{E2AB1CDC-E179-48B3-B77F-6CA138624427}"
EndProject
Global
	GlobalSection(SolutionConfigurationPlatforms) = preSolution
		Debug|Any CPU = Debug|Any CPU
		Debug|iPhone = Debug|iPhone
		Debug|iPhoneSimulator = Debug|iPhoneSimulator
		Release|Any CPU = Release|Any CPU
		Release|iPhone = Release|iPhone
		Release|iPhoneSimulator = Release|iPhoneSimulator
	EndGlobalSection
	GlobalSection(ProjectConfigurationPlatforms) = postSolution
		{F11EFA46-A667-4E47-AE72-1B6271C58081}.Debug|Any CPU.ActiveCfg = Debug|Any CPU
		{F11EFA46-A667-4E47-AE72-1B6271C58081}.Debug|Any CPU.Build.0 = Debug|Any CPU
		{F11EFA46-A667-4E47-AE72-1B6271C58081}.Debug|Any CPU.Deploy.0 = Debug|Any CPU
		{F11EFA46-A667-4E47-AE72-1B6271C58081}.Debug|iPhone.ActiveCfg = Debug|Any CPU
		{F11EFA46-A667-4E47-AE72-1B6271C58081}.Debug|iPhone.Build.0 = Debug|Any CPU
		{F11EFA46-A667-4E47-AE72-1B6271C58081}.Debug|iPhone.Deploy.0 = Debug|Any CPU
		{F11EFA46-A667-4E47-AE72-1B6271C58081}.Debug|iPhoneSimulator.ActiveCfg = Debug|Any CPU
		{F11EFA46-A667-4E47-AE72-1B6271C58081}.Debug|iPhoneSimulator.Build.0 = Debug|Any CPU
		{F11EFA46-A667-4E47-AE72-1B6271C58081}.Debug|iPhoneSimulator.Deploy.0 = Debug|Any CPU
		{F11EFA46-A667-4E47-AE72-1B6271C58081}.Release|Any CPU.ActiveCfg = Release|Any CPU
		{F11EFA46-A667-4E47-AE72-1B6271C58081}.Release|Any CPU.Build.0 = Release|Any CPU
		{F11EFA46-A667-4E47-AE72-1B6271C58081}.Release|Any CPU.Deploy.0 = Release|Any CPU
		{F11EFA46-A667-4E47-AE72-1B6271C58081}.Release|iPhone.ActiveCfg = Release|Any CPU
		{F11EFA46-A667-4E47-AE72-1B6271C58081}.Release|iPhone.Build.0 = Release|Any CPU
		{F11EFA46-A667-4E47-AE72-1B6271C58081}.Release|iPhone.Deploy.0 = Release|Any CPU
		{F11EFA46-A667-4E47-AE72-1B6271C58081}.Release|iPhoneSimulator.ActiveCfg = Release|Any CPU
		{F11EFA46-A667-4E47-AE72-1B6271C58081}.Release|iPhoneSimulator.Build.0 = Release|Any CPU
		{F11EFA46-A667-4E47-AE72-1B6271C58081}.Release|iPhoneSimulator.Deploy.0 = Release|Any CPU
		{AF0960B2-CA27-40E7-B0A0-E01D5EC95E91}.Debug|Any CPU.ActiveCfg = Debug|iPhone
		{AF0960B2-CA27-40E7-B0A0-E01D5EC95E91}.Debug|Any CPU.Build.0 = Debug|iPhone
		{AF0960B2-CA27-40E7-B0A0-E01D5EC95E91}.Debug|Any CPU.Deploy.0 = Debug|iPhone
		{AF0960B2-CA27-40E7-B0A0-E01D5EC95E91}.Debug|iPhone.ActiveCfg = Debug|iPhone
		{AF0960B2-CA27-40E7-B0A0-E01D5EC95E91}.Debug|iPhone.Build.0 = Debug|iPhone
		{AF0960B2-CA27-40E7-B0A0-E01D5EC95E91}.Debug|iPhone.Deploy.0 = Debug|iPhone
		{AF0960B2-CA27-40E7-B0A0-E01D5EC95E91}.Debug|iPhoneSimulator.ActiveCfg = Debug|iPhoneSimulator
		{AF0960B2-CA27-40E7-B0A0-E01D5EC95E91}.Debug|iPhoneSimulator.Build.0 = Debug|iPhoneSimulator
		{AF0960B2-CA27-40E7-B0A0-E01D5EC95E91}.Debug|iPhoneSimulator.Deploy.0 = Debug|iPhoneSimulator
		{AF0960B2-CA27-40E7-B0A0-E01D5EC95E91}.Release|Any CPU.ActiveCfg = Release|iPhoneSimulator
		{AF0960B2-CA27-40E7-B0A0-E01D5EC95E91}.Release|Any CPU.Build.0 = Release|iPhoneSimulator
		{AF0960B2-CA27-40E7-B0A0-E01D5EC95E91}.Release|Any CPU.Deploy.0 = Release|iPhoneSimulator
		{AF0960B2-CA27-40E7-B0A0-E01D5EC95E91}.Release|iPhone.ActiveCfg = Release|iPhone
		{AF0960B2-CA27-40E7-B0A0-E01D5EC95E91}.Release|iPhone.Build.0 = Release|iPhone
		{AF0960B2-CA27-40E7-B0A0-E01D5EC95E91}.Release|iPhone.Deploy.0 = Release|iPhone
		{AF0960B2-CA27-40E7-B0A0-E01D5EC95E91}.Release|iPhoneSimulator.ActiveCfg = Release|iPhoneSimulator
		{AF0960B2-CA27-40E7-B0A0-E01D5EC95E91}.Release|iPhoneSimulator.Build.0 = Release|iPhoneSimulator
		{AF0960B2-CA27-40E7-B0A0-E01D5EC95E91}.Release|iPhoneSimulator.Deploy.0 = Release|iPhoneSimulator
		{E2AB1CDC-E179-48B3-B77F-6CA138624427}.Debug|Any CPU.ActiveCfg = Debug|Any CPU
		{E2AB1CDC-E179-48B3-B77F-6CA138624427}.Debug|Any CPU.Build.0 = Debug|Any CPU
		{E2AB1CDC-E179-48B3-B77F-6CA138624427}.Debug|Any CPU.Deploy.0 = Debug|Any CPU
		{E2AB1CDC-E179-48B3-B77F-6CA138624427}.Debug|iPhone.ActiveCfg = Debug|Any CPU
		{E2AB1CDC-E179-48B3-B77F-6CA138624427}.Debug|iPhone.Build.0 = Debug|Any CPU
		{E2AB1CDC-E179-48B3-B77F-6CA138624427}.Debug|iPhone.Deploy.0 = Debug|Any CPU
		{E2AB1CDC-E179-48B3-B77F-6CA138624427}.Debug|iPhoneSimulator.ActiveCfg = Debug|Any CPU
		{E2AB1CDC-E179-48B3-B77F-6CA138624427}.Debug|iPhoneSimulator.Build.0 = Debug|Any CPU
		{E2AB1CDC-E179-48B3-B77F-6CA138624427}.Debug|iPhoneSimulator.Deploy.0 = Debug|Any CPU
		{E2AB1CDC-E179-48B3-B77F-6CA138624427}.Release|Any CPU.ActiveCfg = Release|Any CPU
		{E2AB1CDC-E179-48B3-B77F-6CA138624427}.Release|Any CPU.Build.0 = Release|Any CPU
		{E2AB1CDC-E179-48B3-B77F-6CA138624427}.Release|Any CPU.Deploy.0 = Release|Any CPU
		{E2AB1CDC-E179-48B3-B77F-6CA138624427}.Release|iPhone.ActiveCfg = Release|Any CPU
		{E2AB1CDC-E179-48B3-B77F-6CA138624427}.Release|iPhone.Build.0 = Release|Any CPU
		{E2AB1CDC-E179-48B3-B77F-6CA138624427}.Release|iPhone.Deploy.0 = Release|Any CPU
		{E2AB1CDC-E179-48B3-B77F-6CA138624427}.Release|iPhoneSimulator.ActiveCfg = Release|Any CPU
		{E2AB1CDC-E179-48B3-B77F-6CA138624427}.Release|iPhoneSimulator.Build.0 = Release|Any CPU
		{E2AB1CDC-E179-48B3-B77F-6CA138624427}.Release|iPhoneSimulator.Deploy.0 = Release|Any CPU
	EndGlobalSection
	GlobalSection(SolutionProperties) = preSolution
		HideSolutionNode = FALSE
	EndGlobalSection
	GlobalSection(ExtensibilityGlobals) = postSolution
		SolutionGuid = {16B39335-1332-4739-A8D2-1B3F63DAA76F}
	EndGlobalSection
EndGlobal
